
Microsoft Visual Studio Solution File, Format Version 12.00
# Visual Studio Version 17
VisualStudioVersion = 17.3.32804.467
MinimumVisualStudioVersion = 10.0.40219.1
Project("{9A19103F-16F7-4668-BE54-9A1E7A4F7556}") = "Day2_Operators", "Day2_Operators\Day2_Operators.csproj", "{FFFF84AB-570D-4FCF-A137-79B3A18497D7}"
EndProject
Project("{9A19103F-16F7-4668-BE54-9A1E7A4F7556}") = "Day3_IntroToConditionalStatements", "Day3_IntroToConditionalStatements\Day3_IntroToConditionalStatements.csproj", "{6E3F8852-1B54-407E-B9F8-E203BD79F921}"
EndProject
Project("{9A19103F-16F7-4668-BE54-9A1E7A4F7556}") = "Day4_ClassVsInstance", "Day4_ClassVsInstance\Day4_ClassVsInstance.csproj", "{0840DD15-AF61-4762-ADE3-58B73C1832AD}"
EndProject
Project("{9A19103F-16F7-4668-BE54-9A1E7A4F7556}") = "Day5_Loops", "Day5_Loops\Day5_Loops.csproj", "{26F38A70-225C-4A71-8E9C-67668AEA3D68}"
EndProject
Project("{9A19103F-16F7-4668-BE54-9A1E7A4F7556}") = "Day6_LetsReview", "Day6_LetsReview\Day6_LetsReview.csproj", "{1CE1E844-FDEF-4D0B-8307-AA946D3B5820}"
EndProject
Project("{9A19103F-16F7-4668-BE54-9A1E7A4F7556}") = "Day7_Arrays", "Day7_Arrays\Day7_Arrays.csproj", "{FD087B41-9362-4C1A-BBF1-982CC010893D}"
EndProject
Project("{9A19103F-16F7-4668-BE54-9A1E7A4F7556}") = "Day8_DictionariesAndMaps", "Day8_DictionariesAndMaps\Day8_DictionariesAndMaps.csproj", "{7EDDB5EA-9DF5-4A7F-80EC-EF3ED462BD48}"
EndProject
Project("{9A19103F-16F7-4668-BE54-9A1E7A4F7556}") = "Day9_Recursion3", "Day9_Recursion3\Day9_Recursion3.csproj", "{913CC1BE-F875-40BB-8F23-F3C619BE1188}"
EndProject
Project("{9A19103F-16F7-4668-BE54-9A1E7A4F7556}") = "Day10_BinaryNumbers", "Day10_BinaryNumbers\Day10_BinaryNumbers.csproj", "{B75DA029-CCA7-4794-B222-D89042216997}"
EndProject
Project("{9A19103F-16F7-4668-BE54-9A1E7A4F7556}") = "Day11_2DArrays", "Day11_2DArrays\Day11_2DArrays.csproj", "{EAFC4697-6F5F-4705-874B-2FE624365D48}"
EndProject
Project("{9A19103F-16F7-4668-BE54-9A1E7A4F7556}") = "Day12_Inheritance", "Day12_Inheritance\Day12_Inheritance.csproj", "{824BC7B6-C177-4136-8B8B-E45776A49FB8}"
EndProject
Project("{9A19103F-16F7-4668-BE54-9A1E7A4F7556}") = "Day13_AbstractClasses", "Day13_AbstractClasses\Day13_AbstractClasses.csproj", "{E9440223-EA2F-4330-90D4-848AD4074649}"
EndProject
Project("{9A19103F-16F7-4668-BE54-9A1E7A4F7556}") = "Day14_Scope", "Day14_Scope\Day14_Scope.csproj", "{D5927156-EDE5-449F-8B6F-15B653D41C0B}"
EndProject
Project("{9A19103F-16F7-4668-BE54-9A1E7A4F7556}") = "Day15_LinkedList", "Day15_LinkedList\Day15_LinkedList.csproj", "{9D0C0748-C2F2-42FF-B869-B0DCAEE96595}"
EndProject
Project("{9A19103F-16F7-4668-BE54-9A1E7A4F7556}") = "Day16_ExceptionsStringToInteger", "Day16_ExceptionsStringToInteger\Day16_ExceptionsStringToInteger.csproj", "{A53727FC-23EA-4E4B-8453-2C03C9D4E51A}"
EndProject
Project("{9A19103F-16F7-4668-BE54-9A1E7A4F7556}") = "Day17_MoreExceptions", "Day17_MoreExceptions\Day17_MoreExceptions.csproj", "{1B8035B1-6EE7-4032-AD30-B1ED60456FB3}"
EndProject
Project("{9A19103F-16F7-4668-BE54-9A1E7A4F7556}") = "Day18_QueuesAndStacks", "Day18_QueuesAndStacks\Day18_QueuesAndStacks.csproj", "{FB82863F-2A5D-4B60-AECE-05AED875E816}"
EndProject
Project("{FAE04EC0-301F-11D3-BF4B-00C04F79EFBC}") = "Day19_Interfaces", "Day19_Interfaces\Day19_Interfaces.csproj", "{606C27F5-EDDB-431C-9341-159A17EA09EE}"
EndProject
Global
	GlobalSection(SolutionConfigurationPlatforms) = preSolution
		Debug|Any CPU = Debug|Any CPU
		Release|Any CPU = Release|Any CPU
	EndGlobalSection
	GlobalSection(ProjectConfigurationPlatforms) = postSolution
		{FFFF84AB-570D-4FCF-A137-79B3A18497D7}.Debug|Any CPU.ActiveCfg = Debug|Any CPU
		{FFFF84AB-570D-4FCF-A137-79B3A18497D7}.Debug|Any CPU.Build.0 = Debug|Any CPU
		{FFFF84AB-570D-4FCF-A137-79B3A18497D7}.Release|Any CPU.ActiveCfg = Release|Any CPU
		{FFFF84AB-570D-4FCF-A137-79B3A18497D7}.Release|Any CPU.Build.0 = Release|Any CPU
		{6E3F8852-1B54-407E-B9F8-E203BD79F921}.Debug|Any CPU.ActiveCfg = Debug|Any CPU
		{6E3F8852-1B54-407E-B9F8-E203BD79F921}.Debug|Any CPU.Build.0 = Debug|Any CPU
		{6E3F8852-1B54-407E-B9F8-E203BD79F921}.Release|Any CPU.ActiveCfg = Release|Any CPU
		{6E3F8852-1B54-407E-B9F8-E203BD79F921}.Release|Any CPU.Build.0 = Release|Any CPU
		{0840DD15-AF61-4762-ADE3-58B73C1832AD}.Debug|Any CPU.ActiveCfg = Debug|Any CPU
		{0840DD15-AF61-4762-ADE3-58B73C1832AD}.Debug|Any CPU.Build.0 = Debug|Any CPU
		{0840DD15-AF61-4762-ADE3-58B73C1832AD}.Release|Any CPU.ActiveCfg = Release|Any CPU
		{0840DD15-AF61-4762-ADE3-58B73C1832AD}.Release|Any CPU.Build.0 = Release|Any CPU
		{26F38A70-225C-4A71-8E9C-67668AEA3D68}.Debug|Any CPU.ActiveCfg = Debug|Any CPU
		{26F38A70-225C-4A71-8E9C-67668AEA3D68}.Debug|Any CPU.Build.0 = Debug|Any CPU
		{26F38A70-225C-4A71-8E9C-67668AEA3D68}.Release|Any CPU.ActiveCfg = Release|Any CPU
		{26F38A70-225C-4A71-8E9C-67668AEA3D68}.Release|Any CPU.Build.0 = Release|Any CPU
		{1CE1E844-FDEF-4D0B-8307-AA946D3B5820}.Debug|Any CPU.ActiveCfg = Debug|Any CPU
		{1CE1E844-FDEF-4D0B-8307-AA946D3B5820}.Debug|Any CPU.Build.0 = Debug|Any CPU
		{1CE1E844-FDEF-4D0B-8307-AA946D3B5820}.Release|Any CPU.ActiveCfg = Release|Any CPU
		{1CE1E844-FDEF-4D0B-8307-AA946D3B5820}.Release|Any CPU.Build.0 = Release|Any CPU
		{FD087B41-9362-4C1A-BBF1-982CC010893D}.Debug|Any CPU.ActiveCfg = Debug|Any CPU
		{FD087B41-9362-4C1A-BBF1-982CC010893D}.Debug|Any CPU.Build.0 = Debug|Any CPU
		{FD087B41-9362-4C1A-BBF1-982CC010893D}.Release|Any CPU.ActiveCfg = Release|Any CPU
		{FD087B41-9362-4C1A-BBF1-982CC010893D}.Release|Any CPU.Build.0 = Release|Any CPU
		{7EDDB5EA-9DF5-4A7F-80EC-EF3ED462BD48}.Debug|Any CPU.ActiveCfg = Debug|Any CPU
		{7EDDB5EA-9DF5-4A7F-80EC-EF3ED462BD48}.Debug|Any CPU.Build.0 = Debug|Any CPU
		{7EDDB5EA-9DF5-4A7F-80EC-EF3ED462BD48}.Release|Any CPU.ActiveCfg = Release|Any CPU
		{7EDDB5EA-9DF5-4A7F-80EC-EF3ED462BD48}.Release|Any CPU.Build.0 = Release|Any CPU
		{913CC1BE-F875-40BB-8F23-F3C619BE1188}.Debug|Any CPU.ActiveCfg = Debug|Any CPU
		{913CC1BE-F875-40BB-8F23-F3C619BE1188}.Debug|Any CPU.Build.0 = Debug|Any CPU
		{913CC1BE-F875-40BB-8F23-F3C619BE1188}.Release|Any CPU.ActiveCfg = Release|Any CPU
		{913CC1BE-F875-40BB-8F23-F3C619BE1188}.Release|Any CPU.Build.0 = Release|Any CPU
		{B75DA029-CCA7-4794-B222-D89042216997}.Debug|Any CPU.ActiveCfg = Debug|Any CPU
		{B75DA029-CCA7-4794-B222-D89042216997}.Debug|Any CPU.Build.0 = Debug|Any CPU
		{B75DA029-CCA7-4794-B222-D89042216997}.Release|Any CPU.ActiveCfg = Release|Any CPU
		{B75DA029-CCA7-4794-B222-D89042216997}.Release|Any CPU.Build.0 = Release|Any CPU
		{EAFC4697-6F5F-4705-874B-2FE624365D48}.Debug|Any CPU.ActiveCfg = Debug|Any CPU
		{EAFC4697-6F5F-4705-874B-2FE624365D48}.Debug|Any CPU.Build.0 = Debug|Any CPU
		{EAFC4697-6F5F-4705-874B-2FE624365D48}.Release|Any CPU.ActiveCfg = Release|Any CPU
		{EAFC4697-6F5F-4705-874B-2FE624365D48}.Release|Any CPU.Build.0 = Release|Any CPU
		{824BC7B6-C177-4136-8B8B-E45776A49FB8}.Debug|Any CPU.ActiveCfg = Debug|Any CPU
		{824BC7B6-C177-4136-8B8B-E45776A49FB8}.Debug|Any CPU.Build.0 = Debug|Any CPU
		{824BC7B6-C177-4136-8B8B-E45776A49FB8}.Release|Any CPU.ActiveCfg = Release|Any CPU
		{824BC7B6-C177-4136-8B8B-E45776A49FB8}.Release|Any CPU.Build.0 = Release|Any CPU
		{E9440223-EA2F-4330-90D4-848AD4074649}.Debug|Any CPU.ActiveCfg = Debug|Any CPU
		{E9440223-EA2F-4330-90D4-848AD4074649}.Debug|Any CPU.Build.0 = Debug|Any CPU
		{E9440223-EA2F-4330-90D4-848AD4074649}.Release|Any CPU.ActiveCfg = Release|Any CPU
		{E9440223-EA2F-4330-90D4-848AD4074649}.Release|Any CPU.Build.0 = Release|Any CPU
		{D5927156-EDE5-449F-8B6F-15B653D41C0B}.Debug|Any CPU.ActiveCfg = Debug|Any CPU
		{D5927156-EDE5-449F-8B6F-15B653D41C0B}.Debug|Any CPU.Build.0 = Debug|Any CPU
		{D5927156-EDE5-449F-8B6F-15B653D41C0B}.Release|Any CPU.ActiveCfg = Release|Any CPU
		{D5927156-EDE5-449F-8B6F-15B653D41C0B}.Release|Any CPU.Build.0 = Release|Any CPU
		{9D0C0748-C2F2-42FF-B869-B0DCAEE96595}.Debug|Any CPU.ActiveCfg = Debug|Any CPU
		{9D0C0748-C2F2-42FF-B869-B0DCAEE96595}.Debug|Any CPU.Build.0 = Debug|Any CPU
		{9D0C0748-C2F2-42FF-B869-B0DCAEE96595}.Release|Any CPU.ActiveCfg = Release|Any CPU
		{9D0C0748-C2F2-42FF-B869-B0DCAEE96595}.Release|Any CPU.Build.0 = Release|Any CPU
		{A53727FC-23EA-4E4B-8453-2C03C9D4E51A}.Debug|Any CPU.ActiveCfg = Debug|Any CPU
		{A53727FC-23EA-4E4B-8453-2C03C9D4E51A}.Debug|Any CPU.Build.0 = Debug|Any CPU
		{A53727FC-23EA-4E4B-8453-2C03C9D4E51A}.Release|Any CPU.ActiveCfg = Release|Any CPU
		{A53727FC-23EA-4E4B-8453-2C03C9D4E51A}.Release|Any CPU.Build.0 = Release|Any CPU
		{1B8035B1-6EE7-4032-AD30-B1ED60456FB3}.Debug|Any CPU.ActiveCfg = Debug|Any CPU
		{1B8035B1-6EE7-4032-AD30-B1ED60456FB3}.Debug|Any CPU.Build.0 = Debug|Any CPU
		{1B8035B1-6EE7-4032-AD30-B1ED60456FB3}.Release|Any CPU.ActiveCfg = Release|Any CPU
		{1B8035B1-6EE7-4032-AD30-B1ED60456FB3}.Release|Any CPU.Build.0 = Release|Any CPU
		{FB82863F-2A5D-4B60-AECE-05AED875E816}.Debug|Any CPU.ActiveCfg = Debug|Any CPU
		{FB82863F-2A5D-4B60-AECE-05AED875E816}.Debug|Any CPU.Build.0 = Debug|Any CPU
		{FB82863F-2A5D-4B60-AECE-05AED875E816}.Release|Any CPU.ActiveCfg = Release|Any CPU
		{FB82863F-2A5D-4B60-AECE-05AED875E816}.Release|Any CPU.Build.0 = Release|Any CPU
		{606C27F5-EDDB-431C-9341-159A17EA09EE}.Debug|Any CPU.ActiveCfg = Debug|Any CPU
		{606C27F5-EDDB-431C-9341-159A17EA09EE}.Debug|Any CPU.Build.0 = Debug|Any CPU
		{606C27F5-EDDB-431C-9341-159A17EA09EE}.Release|Any CPU.ActiveCfg = Release|Any CPU
		{606C27F5-EDDB-431C-9341-159A17EA09EE}.Release|Any CPU.Build.0 = Release|Any CPU
	EndGlobalSection
	GlobalSection(SolutionProperties) = preSolution
		HideSolutionNode = FALSE
	EndGlobalSection
	GlobalSection(ExtensibilityGlobals) = postSolution
		SolutionGuid = {D8E1C777-078C-49DD-874E-06FF3DC94FF3}
	EndGlobalSection
EndGlobal
